
Microsoft Visual Studio Solution File, Format Version 12.00
Project("{FAE04EC0-301F-11D3-BF4B-00C04F79EFBC}") = "IntervalTools.Tests", "tests\IntervalTools.Tests\IntervalTools.Tests.csproj", "{A58BFEB0-4EF1-40CA-898D-19E463EF92EB}"
EndProject
Project("{FAE04EC0-301F-11D3-BF4B-00C04F79EFBC}") = "GenericIntervals.Core", "src\GenericIntervals.Core\GenericIntervals.Core.csproj", "{BA384247-6B55-479C-9A4E-EA16C56D160D}"
EndProject
Project("{FAE04EC0-301F-11D3-BF4B-00C04F79EFBC}") = "GenericIntervals", "src\GenericIntervals\GenericIntervals.csproj", "{A1EA899E-D6A5-4CBC-8E1D-8868859BBA8A}"
EndProject
Project("{2150E333-8FDC-42A3-9474-1A3956D46DE8}") = "src", "src", "{7CCAF71E-761B-4AD2-8185-2C334CB1CE69}"
EndProject
Project("{2150E333-8FDC-42A3-9474-1A3956D46DE8}") = "tests", "tests", "{5D7BA1D5-3804-4E0E-BA25-9E7D91B06CD6}"
EndProject
Global
	GlobalSection(SolutionConfigurationPlatforms) = preSolution
		Debug|Any CPU = Debug|Any CPU
		Release|Any CPU = Release|Any CPU
	EndGlobalSection
	GlobalSection(ProjectConfigurationPlatforms) = postSolution
		{A58BFEB0-4EF1-40CA-898D-19E463EF92EB}.Debug|Any CPU.ActiveCfg = Debug|Any CPU
		{A58BFEB0-4EF1-40CA-898D-19E463EF92EB}.Debug|Any CPU.Build.0 = Debug|Any CPU
		{A58BFEB0-4EF1-40CA-898D-19E463EF92EB}.Release|Any CPU.ActiveCfg = Release|Any CPU
		{A58BFEB0-4EF1-40CA-898D-19E463EF92EB}.Release|Any CPU.Build.0 = Release|Any CPU
		{BA384247-6B55-479C-9A4E-EA16C56D160D}.Debug|Any CPU.ActiveCfg = Debug|Any CPU
		{BA384247-6B55-479C-9A4E-EA16C56D160D}.Debug|Any CPU.Build.0 = Debug|Any CPU
		{BA384247-6B55-479C-9A4E-EA16C56D160D}.Release|Any CPU.ActiveCfg = Release|Any CPU
		{BA384247-6B55-479C-9A4E-EA16C56D160D}.Release|Any CPU.Build.0 = Release|Any CPU
		{A1EA899E-D6A5-4CBC-8E1D-8868859BBA8A}.Debug|Any CPU.ActiveCfg = Debug|Any CPU
		{A1EA899E-D6A5-4CBC-8E1D-8868859BBA8A}.Debug|Any CPU.Build.0 = Debug|Any CPU
		{A1EA899E-D6A5-4CBC-8E1D-8868859BBA8A}.Release|Any CPU.ActiveCfg = Release|Any CPU
		{A1EA899E-D6A5-4CBC-8E1D-8868859BBA8A}.Release|Any CPU.Build.0 = Release|Any CPU
	EndGlobalSection
	GlobalSection(NestedProjects) = preSolution
		{A1EA899E-D6A5-4CBC-8E1D-8868859BBA8A} = {7CCAF71E-761B-4AD2-8185-2C334CB1CE69}
		{BA384247-6B55-479C-9A4E-EA16C56D160D} = {7CCAF71E-761B-4AD2-8185-2C334CB1CE69}
		{A58BFEB0-4EF1-40CA-898D-19E463EF92EB} = {5D7BA1D5-3804-4E0E-BA25-9E7D91B06CD6}
	EndGlobalSection
EndGlobal
